
Microsoft Visual Studio Solution File, Format Version 12.00
# Visual Studio Version 17
VisualStudioVersion = 17.5.33414.496
MinimumVisualStudioVersion = 10.0.40219.1
Project("{FAE04EC0-301F-11D3-BF4B-00C04F79EFBC}") = "Threads", "Threads\Threads.csproj", "{4ACB12FD-BF41-45D8-A3CD-E58D3E9D3445}"
EndProject
Project("{FAE04EC0-301F-11D3-BF4B-00C04F79EFBC}") = "Car", "Car\Car.csproj", "{91D0EE89-4A54-4B1B-9F91-C15FC8BF71EE}"
EndProject
Global
	GlobalSection(SolutionConfigurationPlatforms) = preSolution
		Debug|Any CPU = Debug|Any CPU
		Release|Any CPU = Release|Any CPU
	EndGlobalSection
	GlobalSection(ProjectConfigurationPlatforms) = postSolution
		{4ACB12FD-BF41-45D8-A3CD-E58D3E9D3445}.Debug|Any CPU.ActiveCfg = Debug|Any CPU
		{4ACB12FD-BF41-45D8-A3CD-E58D3E9D3445}.Debug|Any CPU.Build.0 = Debug|Any CPU
		{4ACB12FD-BF41-45D8-A3CD-E58D3E9D3445}.Release|Any CPU.ActiveCfg = Release|Any CPU
		{4ACB12FD-BF41-45D8-A3CD-E58D3E9D3445}.Release|Any CPU.Build.0 = Release|Any CPU
		{91D0EE89-4A54-4B1B-9F91-C15FC8BF71EE}.Debug|Any CPU.ActiveCfg = Debug|Any CPU
		{91D0EE89-4A54-4B1B-9F91-C15FC8BF71EE}.Debug|Any CPU.Build.0 = Debug|Any CPU
		{91D0EE89-4A54-4B1B-9F91-C15FC8BF71EE}.Release|Any CPU.ActiveCfg = Release|Any CPU
		{91D0EE89-4A54-4B1B-9F91-C15FC8BF71EE}.Release|Any CPU.Build.0 = Release|Any CPU
	EndGlobalSection
	GlobalSection(SolutionProperties) = preSolution
		HideSolutionNode = FALSE
	EndGlobalSection
	GlobalSection(ExtensibilityGlobals) = postSolution
		SolutionGuid = {93D623D5-674A-4904-9061-8B137356F62E}
	EndGlobalSection
EndGlobal
