
Microsoft Visual Studio Solution File, Format Version 12.00
# Visual Studio Version 17
VisualStudioVersion = 17.5.33414.496
MinimumVisualStudioVersion = 10.0.40219.1
Project("{FAE04EC0-301F-11D3-BF4B-00C04F79EFBC}") = "AppDomainDynamicUnload", "AppDomainDynamicUnload\AppDomainDynamicUnload.csproj", "{3643961C-0E93-4D6A-AB5D-41136D0815A8}"
EndProject
Project("{FAE04EC0-301F-11D3-BF4B-00C04F79EFBC}") = "SampleLibrary", "SampleLibrary\SampleLibrary.csproj", "{B1DB0B5E-6612-4F34-86FC-960610B3BBDF}"
EndProject
Project("{FAE04EC0-301F-11D3-BF4B-00C04F79EFBC}") = "UsingAppDomains", "UsingAppDomains\UsingAppDomains.csproj", "{098C3DBC-E3EF-44CD-A792-654E33C2C467}"
EndProject
Project("{FAE04EC0-301F-11D3-BF4B-00C04F79EFBC}") = "TextDrawer", "TextDrawer\TextDrawer.csproj", "{E2F566CE-B378-4D9D-9C2D-22AE7419A843}"
EndProject
Project("{FAE04EC0-301F-11D3-BF4B-00C04F79EFBC}") = "TextWindow", "TextWindow\TextWindow.csproj", "{5A5E88E1-991C-4242-80AC-413070F07F02}"
EndProject
Project("{FAE04EC0-301F-11D3-BF4B-00C04F79EFBC}") = "TaskManager", "TaskManager\TaskManager.csproj", "{2C08E5AA-00E2-4AED-9F08-35632C68EA08}"
EndProject
Global
	GlobalSection(SolutionConfigurationPlatforms) = preSolution
		Debug|Any CPU = Debug|Any CPU
		Release|Any CPU = Release|Any CPU
	EndGlobalSection
	GlobalSection(ProjectConfigurationPlatforms) = postSolution
		{3643961C-0E93-4D6A-AB5D-41136D0815A8}.Debug|Any CPU.ActiveCfg = Debug|Any CPU
		{3643961C-0E93-4D6A-AB5D-41136D0815A8}.Debug|Any CPU.Build.0 = Debug|Any CPU
		{3643961C-0E93-4D6A-AB5D-41136D0815A8}.Release|Any CPU.ActiveCfg = Release|Any CPU
		{3643961C-0E93-4D6A-AB5D-41136D0815A8}.Release|Any CPU.Build.0 = Release|Any CPU
		{B1DB0B5E-6612-4F34-86FC-960610B3BBDF}.Debug|Any CPU.ActiveCfg = Debug|Any CPU
		{B1DB0B5E-6612-4F34-86FC-960610B3BBDF}.Debug|Any CPU.Build.0 = Debug|Any CPU
		{B1DB0B5E-6612-4F34-86FC-960610B3BBDF}.Release|Any CPU.ActiveCfg = Release|Any CPU
		{B1DB0B5E-6612-4F34-86FC-960610B3BBDF}.Release|Any CPU.Build.0 = Release|Any CPU
		{098C3DBC-E3EF-44CD-A792-654E33C2C467}.Debug|Any CPU.ActiveCfg = Debug|Any CPU
		{098C3DBC-E3EF-44CD-A792-654E33C2C467}.Debug|Any CPU.Build.0 = Debug|Any CPU
		{098C3DBC-E3EF-44CD-A792-654E33C2C467}.Release|Any CPU.ActiveCfg = Release|Any CPU
		{098C3DBC-E3EF-44CD-A792-654E33C2C467}.Release|Any CPU.Build.0 = Release|Any CPU
		{E2F566CE-B378-4D9D-9C2D-22AE7419A843}.Debug|Any CPU.ActiveCfg = Debug|Any CPU
		{E2F566CE-B378-4D9D-9C2D-22AE7419A843}.Debug|Any CPU.Build.0 = Debug|Any CPU
		{E2F566CE-B378-4D9D-9C2D-22AE7419A843}.Release|Any CPU.ActiveCfg = Release|Any CPU
		{E2F566CE-B378-4D9D-9C2D-22AE7419A843}.Release|Any CPU.Build.0 = Release|Any CPU
		{5A5E88E1-991C-4242-80AC-413070F07F02}.Debug|Any CPU.ActiveCfg = Debug|Any CPU
		{5A5E88E1-991C-4242-80AC-413070F07F02}.Debug|Any CPU.Build.0 = Debug|Any CPU
		{5A5E88E1-991C-4242-80AC-413070F07F02}.Release|Any CPU.ActiveCfg = Release|Any CPU
		{5A5E88E1-991C-4242-80AC-413070F07F02}.Release|Any CPU.Build.0 = Release|Any CPU
		{2C08E5AA-00E2-4AED-9F08-35632C68EA08}.Debug|Any CPU.ActiveCfg = Debug|Any CPU
		{2C08E5AA-00E2-4AED-9F08-35632C68EA08}.Debug|Any CPU.Build.0 = Debug|Any CPU
		{2C08E5AA-00E2-4AED-9F08-35632C68EA08}.Release|Any CPU.ActiveCfg = Release|Any CPU
		{2C08E5AA-00E2-4AED-9F08-35632C68EA08}.Release|Any CPU.Build.0 = Release|Any CPU
	EndGlobalSection
	GlobalSection(SolutionProperties) = preSolution
		HideSolutionNode = FALSE
	EndGlobalSection
	GlobalSection(ExtensibilityGlobals) = postSolution
		SolutionGuid = {E61F10DF-B247-44AF-8ED8-A6F1DB6D15E9}
	EndGlobalSection
EndGlobal
