
Microsoft Visual Studio Solution File, Format Version 12.00
# Visual Studio Version 17
VisualStudioVersion = 17.5.33414.496
MinimumVisualStudioVersion = 10.0.40219.1
Project("{8BC9CEB8-8B4A-11D0-8D11-00A0C91BC942}") = "TCPserver", "TCPserver\TCPserver.vcxproj", "{347621B7-16ED-4E93-9660-851D5C683835}"
EndProject
Project("{8BC9CEB8-8B4A-11D0-8D11-00A0C91BC942}") = "TCPclient", "TCPclient\TCPclient.vcxproj", "{4B3EC323-1DE3-4D8A-AC9F-CBDD7E06DB4B}"
EndProject
Project("{8BC9CEB8-8B4A-11D0-8D11-00A0C91BC942}") = "WinSocketChat", "WinSocketChat\WinSocketChat.vcxproj", "{4C1978F4-FF55-4229-8EDE-BE03C60F4D77}"
EndProject
Global
	GlobalSection(SolutionConfigurationPlatforms) = preSolution
		Debug|x64 = Debug|x64
		Debug|x86 = Debug|x86
		Release|x64 = Release|x64
		Release|x86 = Release|x86
	EndGlobalSection
	GlobalSection(ProjectConfigurationPlatforms) = postSolution
		{347621B7-16ED-4E93-9660-851D5C683835}.Debug|x64.ActiveCfg = Debug|x64
		{347621B7-16ED-4E93-9660-851D5C683835}.Debug|x64.Build.0 = Debug|x64
		{347621B7-16ED-4E93-9660-851D5C683835}.Debug|x86.ActiveCfg = Debug|Win32
		{347621B7-16ED-4E93-9660-851D5C683835}.Debug|x86.Build.0 = Debug|Win32
		{347621B7-16ED-4E93-9660-851D5C683835}.Release|x64.ActiveCfg = Release|x64
		{347621B7-16ED-4E93-9660-851D5C683835}.Release|x64.Build.0 = Release|x64
		{347621B7-16ED-4E93-9660-851D5C683835}.Release|x86.ActiveCfg = Release|Win32
		{347621B7-16ED-4E93-9660-851D5C683835}.Release|x86.Build.0 = Release|Win32
		{4B3EC323-1DE3-4D8A-AC9F-CBDD7E06DB4B}.Debug|x64.ActiveCfg = Debug|x64
		{4B3EC323-1DE3-4D8A-AC9F-CBDD7E06DB4B}.Debug|x64.Build.0 = Debug|x64
		{4B3EC323-1DE3-4D8A-AC9F-CBDD7E06DB4B}.Debug|x86.ActiveCfg = Debug|Win32
		{4B3EC323-1DE3-4D8A-AC9F-CBDD7E06DB4B}.Debug|x86.Build.0 = Debug|Win32
		{4B3EC323-1DE3-4D8A-AC9F-CBDD7E06DB4B}.Release|x64.ActiveCfg = Release|x64
		{4B3EC323-1DE3-4D8A-AC9F-CBDD7E06DB4B}.Release|x64.Build.0 = Release|x64
		{4B3EC323-1DE3-4D8A-AC9F-CBDD7E06DB4B}.Release|x86.ActiveCfg = Release|Win32
		{4B3EC323-1DE3-4D8A-AC9F-CBDD7E06DB4B}.Release|x86.Build.0 = Release|Win32
		{4C1978F4-FF55-4229-8EDE-BE03C60F4D77}.Debug|x64.ActiveCfg = Debug|x64
		{4C1978F4-FF55-4229-8EDE-BE03C60F4D77}.Debug|x64.Build.0 = Debug|x64
		{4C1978F4-FF55-4229-8EDE-BE03C60F4D77}.Debug|x86.ActiveCfg = Debug|Win32
		{4C1978F4-FF55-4229-8EDE-BE03C60F4D77}.Debug|x86.Build.0 = Debug|Win32
		{4C1978F4-FF55-4229-8EDE-BE03C60F4D77}.Release|x64.ActiveCfg = Release|x64
		{4C1978F4-FF55-4229-8EDE-BE03C60F4D77}.Release|x64.Build.0 = Release|x64
		{4C1978F4-FF55-4229-8EDE-BE03C60F4D77}.Release|x86.ActiveCfg = Release|Win32
		{4C1978F4-FF55-4229-8EDE-BE03C60F4D77}.Release|x86.Build.0 = Release|Win32
	EndGlobalSection
	GlobalSection(SolutionProperties) = preSolution
		HideSolutionNode = FALSE
	EndGlobalSection
	GlobalSection(ExtensibilityGlobals) = postSolution
		SolutionGuid = {05AE3864-EECE-4EA6-A833-F1B5A0D6FD21}
	EndGlobalSection
EndGlobal
